PODS:
  - Alamofire (5.6.1)
  - ObjectMapper (4.2.0)

DEPENDENCIES:
  - Alamofire
  - ObjectMapper

SPEC REPOS:
  trunk:
    - Alamofire
    - ObjectMapper

SPEC CHECKSUMS:
  Alamofire: 87bd8c952f9a4454320fce00d9cc3de57bcadaf5
  ObjectMapper: 1eb41f610210777375fa806bf161dc39fb832b81

PODFILE CHECKSUM: f1d578edb4c27d6fc694a63b54437865db956c5e

COCOAPODS: 1.11.3
