// !$*UTF8*$!
{
	archiveVersion = 1;
	classes = {
	};
	objectVersion = 55;
	objects = {

/* Begin PBXBuildFile section */
		5C44E1D02861C70A0081B993 /* Constants.swift in Sources */ = {isa = PBXBuildFile; fileRef = 5C44E1CF2861C70A0081B993 /* Constants.swift */; };
		5C44E1D22861C7A80081B993 /* BaseViewModel.swift in Sources */ = {isa = PBXBuildFile; fileRef = 5C44E1D12861C7A80081B993 /* BaseViewModel.swift */; };
		5C44E1D52861C8110081B993 /* NSObject+Ext.swift in Sources */ = {isa = PBXBuildFile; fileRef = 5C44E1D42861C8110081B993 /* NSObject+Ext.swift */; };
		5C44E1D72861C8C90081B993 /* UserViewModel.swift in Sources */ = {isa = PBXBuildFile; fileRef = 5C44E1D62861C8C90081B993 /* UserViewModel.swift */; };
		5C44E1D92861CEAB0081B993 /* Error+Ext.swift in Sources */ = {isa = PBXBuildFile; fileRef = 5C44E1D82861CEAB0081B993 /* Error+Ext.swift */; };
		5C93CF612861ABA60073A1BE /* User.swift in Sources */ = {isa = PBXBuildFile; fileRef = 5C93CF602861ABA60073A1BE /* User.swift */; };
		5C93CF662861ACF30073A1BE /* DefaultDummyRepository.swift in Sources */ = {isa = PBXBuildFile; fileRef = 5C93CF652861ACF30073A1BE /* DefaultDummyRepository.swift */; };
		5C93CF682861ADA50073A1BE /* BaseResponse.swift in Sources */ = {isa = PBXBuildFile; fileRef = 5C93CF672861ADA50073A1BE /* BaseResponse.swift */; };
		5C93CF6A2861AE6C0073A1BE /* DataService.swift in Sources */ = {isa = PBXBuildFile; fileRef = 5C93CF692861AE6C0073A1BE /* DataService.swift */; };
		5C93CF6C2861AE9A0073A1BE /* Networking+Extension.swift in Sources */ = {isa = PBXBuildFile; fileRef = 5C93CF6B2861AE9A0073A1BE /* Networking+Extension.swift */; };
		5CC3A3472861A12E007C5486 /* AppDelegate.swift in Sources */ = {isa = PBXBuildFile; fileRef = 5CC3A3462861A12E007C5486 /* AppDelegate.swift */; };
		5CC3A3492861A12E007C5486 /* SceneDelegate.swift in Sources */ = {isa = PBXBuildFile; fileRef = 5CC3A3482861A12E007C5486 /* SceneDelegate.swift */; };
		5CC3A34B2861A12E007C5486 /* ViewController.swift in Sources */ = {isa = PBXBuildFile; fileRef = 5CC3A34A2861A12E007C5486 /* ViewController.swift */; };
		5CC3A34E2861A12E007C5486 /* Main.storyboard in Resources */ = {isa = PBXBuildFile; fileRef = 5CC3A34C2861A12E007C5486 /* Main.storyboard */; };
		5CC3A3502861A12F007C5486 /* Assets.xcassets in Resources */ = {isa = PBXBuildFile; fileRef = 5CC3A34F2861A12F007C5486 /* Assets.xcassets */; };
		5CC3A3532861A12F007C5486 /* LaunchScreen.storyboard in Resources */ = {isa = PBXBuildFile; fileRef = 5CC3A3512861A12F007C5486 /* LaunchScreen.storyboard */; };
		5CC3A35E2861A12F007C5486 /* DummyTests.swift in Sources */ = {isa = PBXBuildFile; fileRef = 5CC3A35D2861A12F007C5486 /* DummyTests.swift */; };
		C7F435C085D80546705DF614 /* Pods_Dummy.framework in Frameworks */ = {isa = PBXBuildFile; fileRef = 745C7819297DBB380FB0ED5D /* Pods_Dummy.framework */; };
/* End PBXBuildFile section */

/* Begin PBXContainerItemProxy section */
		5CC3A35A2861A12F007C5486 /* PBXContainerItemProxy */ = {
			isa = PBXContainerItemProxy;
			containerPortal = 5CC3A33B2861A12E007C5486 /* Project object */;
			proxyType = 1;
			remoteGlobalIDString = 5CC3A3422861A12E007C5486;
			remoteInfo = Dummy;
		};
		5CC3A3642861A12F007C5486 /* PBXContainerItemProxy */ = {
			isa = PBXContainerItemProxy;
			containerPortal = 5CC3A33B2861A12E007C5486 /* Project object */;
			proxyType = 1;
			remoteGlobalIDString = 5CC3A3422861A12E007C5486;
			remoteInfo = Dummy;
		};
/* End PBXContainerItemProxy section */

/* Begin PBXFileReference section */
		04B06947CF9C70EA172CECB2 /* Pods-Dummy.release.xcconfig */ = {isa = PBXFileReference; includeInIndex = 1; lastKnownFileType = text.xcconfig; name = "Pods-Dummy.release.xcconfig"; path = "Target Support Files/Pods-Dummy/Pods-Dummy.release.xcconfig"; sourceTree = "<group>"; };
		5C44E1CF2861C70A0081B993 /* Constants.swift */ = {isa = PBXFileReference; lastKnownFileType = sourcecode.swift; path = Constants.swift; sourceTree = "<group>"; };
		5C44E1D12861C7A80081B993 /* BaseViewModel.swift */ = {isa = PBXFileReference; lastKnownFileType = sourcecode.swift; path = BaseViewModel.swift; sourceTree = "<group>"; };
		5C44E1D42861C8110081B993 /* NSObject+Ext.swift */ = {isa = PBXFileReference; lastKnownFileType = sourcecode.swift; path = "NSObject+Ext.swift"; sourceTree = "<group>"; };
		5C44E1D62861C8C90081B993 /* UserViewModel.swift */ = {isa = PBXFileReference; lastKnownFileType = sourcecode.swift; path = UserViewModel.swift; sourceTree = "<group>"; };
		5C44E1D82861CEAB0081B993 /* Error+Ext.swift */ = {isa = PBXFileReference; lastKnownFileType = sourcecode.swift; path = "Error+Ext.swift"; sourceTree = "<group>"; };
		5C93CF602861ABA60073A1BE /* User.swift */ = {isa = PBXFileReference; lastKnownFileType = sourcecode.swift; path = User.swift; sourceTree = "<group>"; };
		5C93CF652861ACF30073A1BE /* DefaultDummyRepository.swift */ = {isa = PBXFileReference; lastKnownFileType = sourcecode.swift; path = DefaultDummyRepository.swift; sourceTree = "<group>"; };
		5C93CF672861ADA50073A1BE /* BaseResponse.swift */ = {isa = PBXFileReference; lastKnownFileType = sourcecode.swift; path = BaseResponse.swift; sourceTree = "<group>"; };
		5C93CF692861AE6C0073A1BE /* DataService.swift */ = {isa = PBXFileReference; lastKnownFileType = sourcecode.swift; path = DataService.swift; sourceTree = "<group>"; };
		5C93CF6B2861AE9A0073A1BE /* Networking+Extension.swift */ = {isa = PBXFileReference; lastKnownFileType = sourcecode.swift; path = "Networking+Extension.swift"; sourceTree = "<group>"; };
		5CC3A3432861A12E007C5486 /* Dummy.app */ = {isa = PBXFileReference; explicitFileType = wrapper.application; includeInIndex = 0; path = Dummy.app; sourceTree = BUILT_PRODUCTS_DIR; };
		5CC3A3462861A12E007C5486 /* AppDelegate.swift */ = {isa = PBXFileReference; lastKnownFileType = sourcecode.swift; path = AppDelegate.swift; sourceTree = "<group>"; };
		5CC3A3482861A12E007C5486 /* SceneDelegate.swift */ = {isa = PBXFileReference; lastKnownFileType = sourcecode.swift; path = SceneDelegate.swift; sourceTree = "<group>"; };
		5CC3A34A2861A12E007C5486 /* ViewController.swift */ = {isa = PBXFileReference; lastKnownFileType = sourcecode.swift; path = ViewController.swift; sourceTree = "<group>"; };
		5CC3A34D2861A12E007C5486 /* Base */ = {isa = PBXFileReference; lastKnownFileType = file.storyboard; name = Base; path = Base.lproj/Main.storyboard; sourceTree = "<group>"; };
		5CC3A34F2861A12F007C5486 /* Assets.xcassets */ = {isa = PBXFileReference; lastKnownFileType = folder.assetcatalog; path = Assets.xcassets; sourceTree = "<group>"; };
		5CC3A3522861A12F007C5486 /* Base */ = {isa = PBXFileReference; lastKnownFileType = file.storyboard; name = Base; path = Base.lproj/LaunchScreen.storyboard; sourceTree = "<group>"; };
		5CC3A3542861A12F007C5486 /* Info.plist */ = {isa = PBXFileReference; lastKnownFileType = text.plist.xml; path = Info.plist; sourceTree = "<group>"; };
		5CC3A3592861A12F007C5486 /* DummyTests.xctest */ = {isa = PBXFileReference; explicitFileType = wrapper.cfbundle; includeInIndex = 0; path = DummyTests.xctest; sourceTree = BUILT_PRODUCTS_DIR; };
		5CC3A35D2861A12F007C5486 /* DummyTests.swift */ = {isa = PBXFileReference; lastKnownFileType = sourcecode.swift; path = DummyTests.swift; sourceTree = "<group>"; };
		5CC3A3632861A12F007C5486 /* DummyUITests.xctest */ = {isa = PBXFileReference; explicitFileType = wrapper.cfbundle; includeInIndex = 0; path = DummyUITests.xctest; sourceTree = BUILT_PRODUCTS_DIR; };
		745C7819297DBB380FB0ED5D /* Pods_Dummy.framework */ = {isa = PBXFileReference; explicitFileType = wrapper.framework; includeInIndex = 0; path = Pods_Dummy.framework; sourceTree = BUILT_PRODUCTS_DIR; };
		B57BCBCBC9F5E57121F2F6B1 /* Pods-Dummy.debug.xcconfig */ = {isa = PBXFileReference; includeInIndex = 1; lastKnownFileType = text.xcconfig; name = "Pods-Dummy.debug.xcconfig"; path = "Target Support Files/Pods-Dummy/Pods-Dummy.debug.xcconfig"; sourceTree = "<group>"; };
/* End PBXFileReference section */

/* Begin PBXFrameworksBuildPhase section */
		5CC3A3402861A12E007C5486 /* Frameworks */ = {
			isa = PBXFrameworksBuildPhase;
			buildActionMask = 2147483647;
			files = (
				C7F435C085D80546705DF614 /* Pods_Dummy.framework in Frameworks */,
			);
			runOnlyForDeploymentPostprocessing = 0;
		};
		5CC3A3562861A12F007C5486 /* Frameworks */ = {
			isa = PBXFrameworksBuildPhase;
			buildActionMask = 2147483647;
			files = (
			);
			runOnlyForDeploymentPostprocessing = 0;
		};
		5CC3A3602861A12F007C5486 /* Frameworks */ = {
			isa = PBXFrameworksBuildPhase;
			buildActionMask = 2147483647;
			files = (
			);
			runOnlyForDeploymentPostprocessing = 0;
		};
/* End PBXFrameworksBuildPhase section */

/* Begin PBXGroup section */
		5C44E1D32861C7FB0081B993 /* Extensions */ = {
			isa = PBXGroup;
			children = (
				5C44E1D42861C8110081B993 /* NSObject+Ext.swift */,
				5C44E1D82861CEAB0081B993 /* Error+Ext.swift */,
			);
			path = Extensions;
			sourceTree = "<group>";
		};
		5C93CF5D2861AB380073A1BE /* Model */ = {
			isa = PBXGroup;
			children = (
				5C93CF602861ABA60073A1BE /* User.swift */,
				5C93CF672861ADA50073A1BE /* BaseResponse.swift */,
				5C93CF692861AE6C0073A1BE /* DataService.swift */,
				5C93CF6B2861AE9A0073A1BE /* Networking+Extension.swift */,
			);
			path = Model;
			sourceTree = "<group>";
		};
		5C93CF5F2861AB6E0073A1BE /* SupportingFiles */ = {
			isa = PBXGroup;
			children = (
				5CC3A34C2861A12E007C5486 /* Main.storyboard */,
				5CC3A3512861A12F007C5486 /* LaunchScreen.storyboard */,
			);
			path = SupportingFiles;
			sourceTree = "<group>";
		};
		5C93CF622861AC510073A1BE /* Repository */ = {
			isa = PBXGroup;
			children = (
				5C93CF652861ACF30073A1BE /* DefaultDummyRepository.swift */,
			);
			path = Repository;
			sourceTree = "<group>";
		};
		5C93CF632861AC7C0073A1BE /* ViewModel */ = {
			isa = PBXGroup;
			children = (
				5C44E1D12861C7A80081B993 /* BaseViewModel.swift */,
				5C44E1D62861C8C90081B993 /* UserViewModel.swift */,
			);
			path = ViewModel;
			sourceTree = "<group>";
		};
		5C93CF642861AC860073A1BE /* UI */ = {
			isa = PBXGroup;
			children = (
				5CC3A34A2861A12E007C5486 /* ViewController.swift */,
			);
			path = UI;
			sourceTree = "<group>";
		};
		5CC3A33A2861A12E007C5486 = {
			isa = PBXGroup;
			children = (
				5CC3A3452861A12E007C5486 /* Dummy */,
				5CC3A35C2861A12F007C5486 /* DummyTests */,
				5CC3A3442861A12E007C5486 /* Products */,
				87A28E490547F8CAD3481350 /* Pods */,
				71A9B4FFE4098219D299FE0B /* Frameworks */,
			);
			sourceTree = "<group>";
		};
		5CC3A3442861A12E007C5486 /* Products */ = {
			isa = PBXGroup;
			children = (
				5CC3A3432861A12E007C5486 /* Dummy.app */,
				5CC3A3592861A12F007C5486 /* DummyTests.xctest */,
				5CC3A3632861A12F007C5486 /* DummyUITests.xctest */,
			);
			name = Products;
			sourceTree = "<group>";
		};
		5CC3A3452861A12E007C5486 /* Dummy */ = {
			isa = PBXGroup;
			children = (
				5CC3A3462861A12E007C5486 /* AppDelegate.swift */,
				5CC3A3482861A12E007C5486 /* SceneDelegate.swift */,
				5C44E1CF2861C70A0081B993 /* Constants.swift */,
				5C44E1D32861C7FB0081B993 /* Extensions */,
				5C93CF642861AC860073A1BE /* UI */,
				5C93CF632861AC7C0073A1BE /* ViewModel */,
				5C93CF622861AC510073A1BE /* Repository */,
				5C93CF5D2861AB380073A1BE /* Model */,
				5C93CF5F2861AB6E0073A1BE /* SupportingFiles */,
				5CC3A34F2861A12F007C5486 /* Assets.xcassets */,
				5CC3A3542861A12F007C5486 /* Info.plist */,
			);
			path = Dummy;
			sourceTree = "<group>";
		};
		5CC3A35C2861A12F007C5486 /* DummyTests */ = {
			isa = PBXGroup;
			children = (
				5CC3A35D2861A12F007C5486 /* DummyTests.swift */,
			);
			path = DummyTests;
			sourceTree = "<group>";
		};
		71A9B4FFE4098219D299FE0B /* Frameworks */ = {
			isa = PBXGroup;
			children = (
				745C7819297DBB380FB0ED5D /* Pods_Dummy.framework */,
			);
			name = Frameworks;
			sourceTree = "<group>";
		};
		87A28E490547F8CAD3481350 /* Pods */ = {
			isa = PBXGroup;
			children = (
				B57BCBCBC9F5E57121F2F6B1 /* Pods-Dummy.debug.xcconfig */,
				04B06947CF9C70EA172CECB2 /* Pods-Dummy.release.xcconfig */,
			);
			path = Pods;
			sourceTree = "<group>";
		};
/* End PBXGroup section */

/* Begin PBXNativeTarget section */
		5CC3A3422861A12E007C5486 /* Dummy */ = {
			isa = PBXNativeTarget;
			buildConfigurationList = 5CC3A36D2861A12F007C5486 /* Build configuration list for PBXNativeTarget "Dummy" */;
			buildPhases = (
				64B444758632E498E952712D /* [CP] Check Pods Manifest.lock */,
				5CC3A33F2861A12E007C5486 /* Sources */,
				5CC3A3402861A12E007C5486 /* Frameworks */,
				5CC3A3412861A12E007C5486 /* Resources */,
				1DFF81759C8E6276284DA21C /* [CP] Embed Pods Frameworks */,
			);
			buildRules = (
			);
			dependencies = (
			);
			name = Dummy;
			productName = Dummy;
			productReference = 5CC3A3432861A12E007C5486 /* Dummy.app */;
			productType = "com.apple.product-type.application";
		};
		5CC3A3582861A12F007C5486 /* DummyTests */ = {
			isa = PBXNativeTarget;
			buildConfigurationList = 5CC3A3702861A12F007C5486 /* Build configuration list for PBXNativeTarget "DummyTests" */;
			buildPhases = (
				5CC3A3552861A12F007C5486 /* Sources */,
				5CC3A3562861A12F007C5486 /* Frameworks */,
				5CC3A3572861A12F007C5486 /* Resources */,
			);
			buildRules = (
			);
			dependencies = (
				5CC3A35B2861A12F007C5486 /* PBXTargetDependency */,
			);
			name = DummyTests;
			productName = DummyTests;
			productReference = 5CC3A3592861A12F007C5486 /* DummyTests.xctest */;
			productType = "com.apple.product-type.bundle.unit-test";
		};
		5CC3A3622861A12F007C5486 /* DummyUITests */ = {
			isa = PBXNativeTarget;
			buildConfigurationList = 5CC3A3732861A12F007C5486 /* Build configuration list for PBXNativeTarget "DummyUITests" */;
			buildPhases = (
				5CC3A35F2861A12F007C5486 /* Sources */,
				5CC3A3602861A12F007C5486 /* Frameworks */,
				5CC3A3612861A12F007C5486 /* Resources */,
			);
			buildRules = (
			);
			dependencies = (
				5CC3A3652861A12F007C5486 /* PBXTargetDependency */,
			);
			name = DummyUITests;
			productName = DummyUITests;
			productReference = 5CC3A3632861A12F007C5486 /* DummyUITests.xctest */;
			productType = "com.apple.product-type.bundle.ui-testing";
		};
/* End PBXNativeTarget section */

/* Begin PBXProject section */
		5CC3A33B2861A12E007C5486 /* Project object */ = {
			isa = PBXProject;
			attributes = {
				BuildIndependentTargetsInParallel = 1;
				LastSwiftUpdateCheck = 1340;
				LastUpgradeCheck = 1340;
				TargetAttributes = {
					5CC3A3422861A12E007C5486 = {
						CreatedOnToolsVersion = 13.4.1;
					};
					5CC3A3582861A12F007C5486 = {
						CreatedOnToolsVersion = 13.4.1;
						TestTargetID = 5CC3A3422861A12E007C5486;
					};
					5CC3A3622861A12F007C5486 = {
						CreatedOnToolsVersion = 13.4.1;
						TestTargetID = 5CC3A3422861A12E007C5486;
					};
				};
			};
			buildConfigurationList = 5CC3A33E2861A12E007C5486 /* Build configuration list for PBXProject "Dummy" */;
			compatibilityVersion = "Xcode 13.0";
			developmentRegion = en;
			hasScannedForEncodings = 0;
			knownRegions = (
				en,
				Base,
			);
			mainGroup = 5CC3A33A2861A12E007C5486;
			productRefGroup = 5CC3A3442861A12E007C5486 /* Products */;
			projectDirPath = "";
			projectRoot = "";
			targets = (
				5CC3A3422861A12E007C5486 /* Dummy */,
				5CC3A3582861A12F007C5486 /* DummyTests */,
				5CC3A3622861A12F007C5486 /* DummyUITests */,
			);
		};
/* End PBXProject section */

/* Begin PBXResourcesBuildPhase section */
		5CC3A3412861A12E007C5486 /* Resources */ = {
			isa = PBXResourcesBuildPhase;
			buildActionMask = 2147483647;
			files = (
				5CC3A3532861A12F007C5486 /* LaunchScreen.storyboard in Resources */,
				5CC3A3502861A12F007C5486 /* Assets.xcassets in Resources */,
				5CC3A34E2861A12E007C5486 /* Main.storyboard in Resources */,
			);
			runOnlyForDeploymentPostprocessing = 0;
		};
		5CC3A3572861A12F007C5486 /* Resources */ = {
			isa = PBXResourcesBuildPhase;
			buildActionMask = 2147483647;
			files = (
			);
			runOnlyForDeploymentPostprocessing = 0;
		};
		5CC3A3612861A12F007C5486 /* Resources */ = {
			isa = PBXResourcesBuildPhase;
			buildActionMask = 2147483647;
			files = (
			);
			runOnlyForDeploymentPostprocessing = 0;
		};
/* End PBXResourcesBuildPhase section */

/* Begin PBXShellScriptBuildPhase section */
		1DFF81759C8E6276284DA21C /* [CP] Embed Pods Frameworks */ = {
			isa = PBXShellScriptBuildPhase;
			buildActionMask = 2147483647;
			files = (
			);
			inputFileListPaths = (
				"${PODS_ROOT}/Target Support Files/Pods-Dummy/Pods-Dummy-frameworks-${CONFIGURATION}-input-files.xcfilelist",
			);
			name = "[CP] Embed Pods Frameworks";
			outputFileListPaths = (
				"${PODS_ROOT}/Target Support Files/Pods-Dummy/Pods-Dummy-frameworks-${CONFIGURATION}-output-files.xcfilelist",
			);
			runOnlyForDeploymentPostprocessing = 0;
			shellPath = /bin/sh;
			shellScript = "\"${PODS_ROOT}/Target Support Files/Pods-Dummy/Pods-Dummy-frameworks.sh\"\n";
			showEnvVarsInLog = 0;
		};
		64B444758632E498E952712D /* [CP] Check Pods Manifest.lock */ = {
			isa = PBXShellScriptBuildPhase;
			buildActionMask = 2147483647;
			files = (
			);
			inputFileListPaths = (
			);
			inputPaths = (
				"${PODS_PODFILE_DIR_PATH}/Podfile.lock",
				"${PODS_ROOT}/Manifest.lock",
			);
			name = "[CP] Check Pods Manifest.lock";
			outputFileListPaths = (
			);
			outputPaths = (
				"$(DERIVED_FILE_DIR)/Pods-Dummy-checkManifestLockResult.txt",
			);
			runOnlyForDeploymentPostprocessing = 0;
			shellPath = /bin/sh;
			shellScript = "diff \"${PODS_PODFILE_DIR_PATH}/Podfile.lock\" \"${PODS_ROOT}/Manifest.lock\" > /dev/null\nif [ $? != 0 ] ; then\n    # print error to STDERR\n    echo \"error: The sandbox is not in sync with the Podfile.lock. Run 'pod install' or update your CocoaPods installation.\" >&2\n    exit 1\nfi\n# This output is used by Xcode 'outputs' to avoid re-running this script phase.\necho \"SUCCESS\" > \"${SCRIPT_OUTPUT_FILE_0}\"\n";
			showEnvVarsInLog = 0;
		};
/* End PBXShellScriptBuildPhase section */

/* Begin PBXSourcesBuildPhase section */
		5CC3A33F2861A12E007C5486 /* Sources */ = {
			isa = PBXSourcesBuildPhase;
			buildActionMask = 2147483647;
			files = (
				5C44E1D52861C8110081B993 /* NSObject+Ext.swift in Sources */,
				5C44E1D72861C8C90081B993 /* UserViewModel.swift in Sources */,
				5C93CF612861ABA60073A1BE /* User.swift in Sources */,
				5C93CF6A2861AE6C0073A1BE /* DataService.swift in Sources */,
				5CC3A34B2861A12E007C5486 /* ViewController.swift in Sources */,
				5C44E1D22861C7A80081B993 /* BaseViewModel.swift in Sources */,
				5CC3A3472861A12E007C5486 /* AppDelegate.swift in Sources */,
				5C93CF682861ADA50073A1BE /* BaseResponse.swift in Sources */,
				5C93CF6C2861AE9A0073A1BE /* Networking+Extension.swift in Sources */,
				5CC3A3492861A12E007C5486 /* SceneDelegate.swift in Sources */,
				5C93CF662861ACF30073A1BE /* DefaultDummyRepository.swift in Sources */,
				5C44E1D02861C70A0081B993 /* Constants.swift in Sources */,
				5C44E1D92861CEAB0081B993 /* Error+Ext.swift in Sources */,
			);
			runOnlyForDeploymentPostprocessing = 0;
		};
		5CC3A3552861A12F007C5486 /* Sources */ = {
			isa = PBXSourcesBuildPhase;
			buildActionMask = 2147483647;
			files = (
				5CC3A35E2861A12F007C5486 /* DummyTests.swift in Sources */,
			);
			runOnlyForDeploymentPostprocessing = 0;
		};
		5CC3A35F2861A12F007C5486 /* Sources */ = {
			isa = PBXSourcesBuildPhase;
			buildActionMask = 2147483647;
			files = (
			);
			runOnlyForDeploymentPostprocessing = 0;
		};
/* End PBXSourcesBuildPhase section */

/* Begin PBXTargetDependency section */
		5CC3A35B2861A12F007C5486 /* PBXTargetDependency */ = {
			isa = PBXTargetDependency;
			target = 5CC3A3422861A12E007C5486 /* Dummy */;
			targetProxy = 5CC3A35A2861A12F007C5486 /* PBXContainerItemProxy */;
		};
		5CC3A3652861A12F007C5486 /* PBXTargetDependency */ = {
			isa = PBXTargetDependency;
			target = 5CC3A3422861A12E007C5486 /* Dummy */;
			targetProxy = 5CC3A3642861A12F007C5486 /* PBXContainerItemProxy */;
		};
/* End PBXTargetDependency section */

/* Begin PBXVariantGroup section */
		5CC3A34C2861A12E007C5486 /* Main.storyboard */ = {
			isa = PBXVariantGroup;
			children = (
				5CC3A34D2861A12E007C5486 /* Base */,
			);
			name = Main.storyboard;
			sourceTree = "<group>";
		};
		5CC3A3512861A12F007C5486 /* LaunchScreen.storyboard */ = {
			isa = PBXVariantGroup;
			children = (
				5CC3A3522861A12F007C5486 /* Base */,
			);
			name = LaunchScreen.storyboard;
			sourceTree = "<group>";
		};
/* End PBXVariantGroup section */

/* Begin XCBuildConfiguration section */
		5CC3A36B2861A12F007C5486 /* Debug */ = {
			isa = XCBuildConfiguration;
			buildSettings = {
				ALWAYS_SEARCH_USER_PATHS = NO;
				CLANG_ANALYZER_NONNULL = YES;
				CLANG_ANALYZER_NUMBER_OBJECT_CONVERSION = YES_AGGRESSIVE;
				CLANG_CXX_LANGUAGE_STANDARD = "gnu++17";
				CLANG_ENABLE_MODULES = YES;
				CLANG_ENABLE_OBJC_ARC = YES;
				CLANG_ENABLE_OBJC_WEAK = YES;
				CLANG_WARN_BLOCK_CAPTURE_AUTORELEASING = YES;
				CLANG_WARN_BOOL_CONVERSION = YES;
				CLANG_WARN_COMMA = YES;
				CLANG_WARN_CONSTANT_CONVERSION = YES;
				CLANG_WARN_DEPRECATED_OBJC_IMPLEMENTATIONS = YES;
				CLANG_WARN_DIRECT_OBJC_ISA_USAGE = YES_ERROR;
				CLANG_WARN_DOCUMENTATION_COMMENTS = YES;
				CLANG_WARN_EMPTY_BODY = YES;
				CLANG_WARN_ENUM_CONVERSION = YES;
				CLANG_WARN_INFINITE_RECURSION = YES;
				CLANG_WARN_INT_CONVERSION = YES;
				CLANG_WARN_NON_LITERAL_NULL_CONVERSION = YES;
				CLANG_WARN_OBJC_IMPLICIT_RETAIN_SELF = YES;
				CLANG_WARN_OBJC_LITERAL_CONVERSION = YES;
				CLANG_WARN_OBJC_ROOT_CLASS = YES_ERROR;
				CLANG_WARN_QUOTED_INCLUDE_IN_FRAMEWORK_HEADER = YES;
				CLANG_WARN_RANGE_LOOP_ANALYSIS = YES;
				CLANG_WARN_STRICT_PROTOTYPES = YES;
				CLANG_WARN_SUSPICIOUS_MOVE = YES;
				CLANG_WARN_UNGUARDED_AVAILABILITY = YES_AGGRESSIVE;
				CLANG_WARN_UNREACHABLE_CODE = YES;
				CLANG_WARN__DUPLICATE_METHOD_MATCH = YES;
				COPY_PHASE_STRIP = NO;
				DEBUG_INFORMATION_FORMAT = dwarf;
				ENABLE_STRICT_OBJC_MSGSEND = YES;
				ENABLE_TESTABILITY = YES;
				GCC_C_LANGUAGE_STANDARD = gnu11;
				GCC_DYNAMIC_NO_PIC = NO;
				GCC_NO_COMMON_BLOCKS = YES;
				GCC_OPTIMIZATION_LEVEL = 0;
				GCC_PREPROCESSOR_DEFINITIONS = (
					"DEBUG=1",
					"$(inherited)",
				);
				GCC_WARN_64_TO_32_BIT_CONVERSION = YES;
				GCC_WARN_ABOUT_RETURN_TYPE = YES_ERROR;
				GCC_WARN_UNDECLARED_SELECTOR = YES;
				GCC_WARN_UNINITIALIZED_AUTOS = YES_AGGRESSIVE;
				GCC_WARN_UNUSED_FUNCTION = YES;
				GCC_WARN_UNUSED_VARIABLE = YES;
				IPHONEOS_DEPLOYMENT_TARGET = 15.5;
				MTL_ENABLE_DEBUG_INFO = INCLUDE_SOURCE;
				MTL_FAST_MATH = YES;
				ONLY_ACTIVE_ARCH = YES;
				SDKROOT = iphoneos;
				SWIFT_ACTIVE_COMPILATION_CONDITIONS = DEBUG;
				SWIFT_OPTIMIZATION_LEVEL = "-Onone";
			};
			name = Debug;
		};
		5CC3A36C2861A12F007C5486 /* Release */ = {
			isa = XCBuildConfiguration;
			buildSettings = {
				ALWAYS_SEARCH_USER_PATHS = NO;
				CLANG_ANALYZER_NONNULL = YES;
				CLANG_ANALYZER_NUMBER_OBJECT_CONVERSION = YES_AGGRESSIVE;
				CLANG_CXX_LANGUAGE_STANDARD = "gnu++17";
				CLANG_ENABLE_MODULES = YES;
				CLANG_ENABLE_OBJC_ARC = YES;
				CLANG_ENABLE_OBJC_WEAK = YES;
				CLANG_WARN_BLOCK_CAPTURE_AUTORELEASING = YES;
				CLANG_WARN_BOOL_CONVERSION = YES;
				CLANG_WARN_COMMA = YES;
				CLANG_WARN_CONSTANT_CONVERSION = YES;
				CLANG_WARN_DEPRECATED_OBJC_IMPLEMENTATIONS = YES;
				CLANG_WARN_DIRECT_OBJC_ISA_USAGE = YES_ERROR;
				CLANG_WARN_DOCUMENTATION_COMMENTS = YES;
				CLANG_WARN_EMPTY_BODY = YES;
				CLANG_WARN_ENUM_CONVERSION = YES;
				CLANG_WARN_INFINITE_RECURSION = YES;
				CLANG_WARN_INT_CONVERSION = YES;
				CLANG_WARN_NON_LITERAL_NULL_CONVERSION = YES;
				CLANG_WARN_OBJC_IMPLICIT_RETAIN_SELF = YES;
				CLANG_WARN_OBJC_LITERAL_CONVERSION = YES;
				CLANG_WARN_OBJC_ROOT_CLASS = YES_ERROR;
				CLANG_WARN_QUOTED_INCLUDE_IN_FRAMEWORK_HEADER = YES;
				CLANG_WARN_RANGE_LOOP_ANALYSIS = YES;
				CLANG_WARN_STRICT_PROTOTYPES = YES;
				CLANG_WARN_SUSPICIOUS_MOVE = YES;
				CLANG_WARN_UNGUARDED_AVAILABILITY = YES_AGGRESSIVE;
				CLANG_WARN_UNREACHABLE_CODE = YES;
				CLANG_WARN__DUPLICATE_METHOD_MATCH = YES;
				COPY_PHASE_STRIP = NO;
				DEBUG_INFORMATION_FORMAT = "dwarf-with-dsym";
				ENABLE_NS_ASSERTIONS = NO;
				ENABLE_STRICT_OBJC_MSGSEND = YES;
				GCC_C_LANGUAGE_STANDARD = gnu11;
				GCC_NO_COMMON_BLOCKS = YES;
				GCC_WARN_64_TO_32_BIT_CONVERSION = YES;
				GCC_WARN_ABOUT_RETURN_TYPE = YES_ERROR;
				GCC_WARN_UNDECLARED_SELECTOR = YES;
				GCC_WARN_UNINITIALIZED_AUTOS = YES_AGGRESSIVE;
				GCC_WARN_UNUSED_FUNCTION = YES;
				GCC_WARN_UNUSED_VARIABLE = YES;
				IPHONEOS_DEPLOYMENT_TARGET = 15.5;
				MTL_ENABLE_DEBUG_INFO = NO;
				MTL_FAST_MATH = YES;
				SDKROOT = iphoneos;
				SWIFT_COMPILATION_MODE = wholemodule;
				SWIFT_OPTIMIZATION_LEVEL = "-O";
				VALIDATE_PRODUCT = YES;
			};
			name = Release;
		};
		5CC3A36E2861A12F007C5486 /* Debug */ = {
			isa = XCBuildConfiguration;
			baseConfigurationReference = B57BCBCBC9F5E57121F2F6B1 /* Pods-Dummy.debug.xcconfig */;
			buildSettings = {
				ASSETCATALOG_COMPILER_APPICON_NAME = AppIcon;
				ASSETCATALOG_COMPILER_GLOBAL_ACCENT_COLOR_NAME = AccentColor;
				CODE_SIGN_STYLE = Automatic;
				CURRENT_PROJECT_VERSION = 100000;
				DEVELOPMENT_TEAM = 6B696CGDCC;
				"EXCLUDED_ARCHS[sdk=iphonesimulator*]" = arm64;
				GENERATE_INFOPLIST_FILE = YES;
				INFOPLIST_FILE = Dummy/Info.plist;
				INFOPLIST_KEY_UIApplicationSupportsIndirectInputEvents = YES;
				INFOPLIST_KEY_UILaunchStoryboardName = LaunchScreen;
				INFOPLIST_KEY_UIMainStoryboardFile = Main;
				INFOPLIST_KEY_UISupportedInterfaceOrientations = UIInterfaceOrientationPortrait;
				INFOPLIST_KEY_UISupportedInterfaceOrientations_iPad = "UIInterfaceOrientationPortrait UIInterfaceOrientationPortraitUpsideDown UIInterfaceOrientationLandscapeLeft UIInterfaceOrientationLandscapeRight";
				INFOPLIST_KEY_UISupportedInterfaceOrientations_iPhone = "UIInterfaceOrientationPortrait UIInterfaceOrientationLandscapeLeft UIInterfaceOrientationLandscapeRight";
				IPHONEOS_DEPLOYMENT_TARGET = 13.0;
				LD_RUNPATH_SEARCH_PATHS = (
					"$(inherited)",
					"@executable_path/Frameworks",
				);
				MARKETING_VERSION = 1.0.0;
				PRODUCT_BUNDLE_IDENTIFIER = com.myvo.yedu.Dummy;
				PRODUCT_NAME = "$(TARGET_NAME)";
				SWIFT_EMIT_LOC_STRINGS = YES;
				SWIFT_VERSION = 5.0;
				TARGETED_DEVICE_FAMILY = "1,2";
			};
			name = Debug;
		};
		5CC3A36F2861A12F007C5486 /* Release */ = {
			isa = XCBuildConfiguration;
			baseConfigurationReference = 04B06947CF9C70EA172CECB2 /* Pods-Dummy.release.xcconfig */;
			buildSettings = {
				ASSETCATALOG_COMPILER_APPICON_NAME = AppIcon;
				ASSETCATALOG_COMPILER_GLOBAL_ACCENT_COLOR_NAME = AccentColor;
				CODE_SIGN_STYLE = Automatic;
				CURRENT_PROJECT_VERSION = 100000;
				DEVELOPMENT_TEAM = 6B696CGDCC;
				"EXCLUDED_ARCHS[sdk=iphonesimulator*]" = arm64;
				GENERATE_INFOPLIST_FILE = YES;
				INFOPLIST_FILE = Dummy/Info.plist;
				INFOPLIST_KEY_UIApplicationSupportsIndirectInputEvents = YES;
				INFOPLIST_KEY_UILaunchStoryboardName = LaunchScreen;
				INFOPLIST_KEY_UIMainStoryboardFile = Main;
				INFOPLIST_KEY_UISupportedInterfaceOrientations = UIInterfaceOrientationPortrait;
				INFOPLIST_KEY_UISupportedInterfaceOrientations_iPad = "UIInterfaceOrientationPortrait UIInterfaceOrientationPortraitUpsideDown UIInterfaceOrientationLandscapeLeft UIInterfaceOrientationLandscapeRight";
				INFOPLIST_KEY_UISupportedInterfaceOrientations_iPhone = "UIInterfaceOrientationPortrait UIInterfaceOrientationLandscapeLeft UIInterfaceOrientationLandscapeRight";
				IPHONEOS_DEPLOYMENT_TARGET = 13.0;
				LD_RUNPATH_SEARCH_PATHS = (
					"$(inherited)",
					"@executable_path/Frameworks",
				);
				MARKETING_VERSION = 1.0.0;
				PRODUCT_BUNDLE_IDENTIFIER = com.myvo.yedu.Dummy;
				PRODUCT_NAME = "$(TARGET_NAME)";
				SWIFT_EMIT_LOC_STRINGS = YES;
				SWIFT_VERSION = 5.0;
				TARGETED_DEVICE_FAMILY = "1,2";
			};
			name = Release;
		};
		5CC3A3712861A12F007C5486 /* Debug */ = {
			isa = XCBuildConfiguration;
			buildSettings = {
				ALWAYS_EMBED_SWIFT_STANDARD_LIBRARIES = YES;
				BUNDLE_LOADER = "$(TEST_HOST)";
				CODE_SIGN_STYLE = Automatic;
				CURRENT_PROJECT_VERSION = 1;
				DEVELOPMENT_TEAM = 6B696CGDCC;
				GENERATE_INFOPLIST_FILE = YES;
				IPHONEOS_DEPLOYMENT_TARGET = 15.5;
				MARKETING_VERSION = 1.0;
				PRODUCT_BUNDLE_IDENTIFIER = com.myvo.yedu.DummyTests;
				PRODUCT_NAME = "$(TARGET_NAME)";
				SWIFT_EMIT_LOC_STRINGS = NO;
				SWIFT_VERSION = 5.0;
				TARGETED_DEVICE_FAMILY = "1,2";
				TEST_HOST = "$(BUILT_PRODUCTS_DIR)/Dummy.app/Dummy";
			};
			name = Debug;
		};
		5CC3A3722861A12F007C5486 /* Release */ = {
			isa = XCBuildConfiguration;
			buildSettings = {
				ALWAYS_EMBED_SWIFT_STANDARD_LIBRARIES = YES;
				BUNDLE_LOADER = "$(TEST_HOST)";
				CODE_SIGN_STYLE = Automatic;
				CURRENT_PROJECT_VERSION = 1;
				DEVELOPMENT_TEAM = 6B696CGDCC;
				GENERATE_INFOPLIST_FILE = YES;
				IPHONEOS_DEPLOYMENT_TARGET = 15.5;
				MARKETING_VERSION = 1.0;
				PRODUCT_BUNDLE_IDENTIFIER = com.myvo.yedu.DummyTests;
				PRODUCT_NAME = "$(TARGET_NAME)";
				SWIFT_EMIT_LOC_STRINGS = NO;
				SWIFT_VERSION = 5.0;
				TARGETED_DEVICE_FAMILY = "1,2";
				TEST_HOST = "$(BUILT_PRODUCTS_DIR)/Dummy.app/Dummy";
			};
			name = Release;
		};
		5CC3A3742861A12F007C5486 /* Debug */ = {
			isa = XCBuildConfiguration;
			buildSettings = {
				ALWAYS_EMBED_SWIFT_STANDARD_LIBRARIES = YES;
				CODE_SIGN_STYLE = Automatic;
				CURRENT_PROJECT_VERSION = 1;
				DEVELOPMENT_TEAM = 6B696CGDCC;
				GENERATE_INFOPLIST_FILE = YES;
				MARKETING_VERSION = 1.0;
				PRODUCT_BUNDLE_IDENTIFIER = com.myvo.yedu.DummyUITests;
				PRODUCT_NAME = "$(TARGET_NAME)";
				SWIFT_EMIT_LOC_STRINGS = NO;
				SWIFT_VERSION = 5.0;
				TARGETED_DEVICE_FAMILY = "1,2";
				TEST_TARGET_NAME = Dummy;
			};
			name = Debug;
		};
		5CC3A3752861A12F007C5486 /* Release */ = {
			isa = XCBuildConfiguration;
			buildSettings = {
				ALWAYS_EMBED_SWIFT_STANDARD_LIBRARIES = YES;
				CODE_SIGN_STYLE = Automatic;
				CURRENT_PROJECT_VERSION = 1;
				DEVELOPMENT_TEAM = 6B696CGDCC;
				GENERATE_INFOPLIST_FILE = YES;
				MARKETING_VERSION = 1.0;
				PRODUCT_BUNDLE_IDENTIFIER = com.myvo.yedu.DummyUITests;
				PRODUCT_NAME = "$(TARGET_NAME)";
				SWIFT_EMIT_LOC_STRINGS = NO;
				SWIFT_VERSION = 5.0;
				TARGETED_DEVICE_FAMILY = "1,2";
				TEST_TARGET_NAME = Dummy;
			};
			name = Release;
		};
/* End XCBuildConfiguration section */

/* Begin XCConfigurationList section */
		5CC3A33E2861A12E007C5486 /* Build configuration list for PBXProject "Dummy" */ = {
			isa = XCConfigurationList;
			buildConfigurations = (
				5CC3A36B2861A12F007C5486 /* Debug */,
				5CC3A36C2861A12F007C5486 /* Release */,
			);
			defaultConfigurationIsVisible = 0;
			defaultConfigurationName = Release;
		};
		5CC3A36D2861A12F007C5486 /* Build configuration list for PBXNativeTarget "Dummy" */ = {
			isa = XCConfigurationList;
			buildConfigurations = (
				5CC3A36E2861A12F007C5486 /* Debug */,
				5CC3A36F2861A12F007C5486 /* Release */,
			);
			defaultConfigurationIsVisible = 0;
			defaultConfigurationName = Release;
		};
		5CC3A3702861A12F007C5486 /* Build configuration list for PBXNativeTarget "DummyTests" */ = {
			isa = XCConfigurationList;
			buildConfigurations = (
				5CC3A3712861A12F007C5486 /* Debug */,
				5CC3A3722861A12F007C5486 /* Release */,
			);
			defaultConfigurationIsVisible = 0;
			defaultConfigurationName = Release;
		};
		5CC3A3732861A12F007C5486 /* Build configuration list for PBXNativeTarget "DummyUITests" */ = {
			isa = XCConfigurationList;
			buildConfigurations = (
				5CC3A3742861A12F007C5486 /* Debug */,
				5CC3A3752861A12F007C5486 /* Release */,
			);
			defaultConfigurationIsVisible = 0;
			defaultConfigurationName = Release;
		};
/* End XCConfigurationList section */
	};
	rootObject = 5CC3A33B2861A12E007C5486 /* Project object */;
}
